
Microsoft Visual Studio Solution File, Format Version 12.00
# Visual Studio Version 16
VisualStudioVersion = 16.0.30621.155
MinimumVisualStudioVersion = 10.0.40219.1
Project("{FAE04EC0-301F-11D3-BF4B-00C04F79EFBC}") = "TakingStuffHelper", "TakingStuffHelper.csproj", "{2B6B8B92-9DF1-4849-BCAB-F51F30A5C164}"
EndProject
Global
	GlobalSection(SolutionConfigurationPlatforms) = preSolution
		Debug|Any CPU = Debug|Any CPU
		Release|Any CPU = Release|Any CPU
	EndGlobalSection
	GlobalSection(ProjectConfigurationPlatforms) = postSolution
		{2B6B8B92-9DF1-4849-BCAB-F51F30A5C164}.Debug|Any CPU.ActiveCfg = Debug|Any CPU
		{2B6B8B92-9DF1-4849-BCAB-F51F30A5C164}.Debug|Any CPU.Build.0 = Debug|Any CPU
		{2B6B8B92-9DF1-4849-BCAB-F51F30A5C164}.Release|Any CPU.ActiveCfg = Release|Any CPU
		{2B6B8B92-9DF1-4849-BCAB-F51F30A5C164}.Release|Any CPU.Build.0 = Release|Any CPU
	EndGlobalSection
	GlobalSection(SolutionProperties) = preSolution
		HideSolutionNode = FALSE
	EndGlobalSection
	GlobalSection(ExtensibilityGlobals) = postSolution
		SolutionGuid = {FF72D6D5-6DC4-41EC-8267-3C2B425560EC}
	EndGlobalSection
EndGlobal
